
Microsoft Visual Studio Solution File, Format Version 12.00
# Visual Studio Version 17
VisualStudioVersion = 17.7.34031.279
MinimumVisualStudioVersion = 10.0.40219.1
Project("{9A19103F-16F7-4668-BE54-9A1E7A4F7556}") = "Battleship", "Battleship\Battleship.csproj", "{F711A864-EBEB-4463-BF10-B6AB063C56A8}"
EndProject
Project("{9A19103F-16F7-4668-BE54-9A1E7A4F7556}") = "LiteNetLib", "LiteNetLib\LiteNetLib\LiteNetLib.csproj", "{4F103428-E35B-4715-AA8D-95DB5C8D4C75}"
EndProject
Project("{9A19103F-16F7-4668-BE54-9A1E7A4F7556}") = "Nez", "Nez\Nez.Portable\Nez.csproj", "{46D35974-00C1-44F7-A200-BEAE53AD6610}"
EndProject
Global
	GlobalSection(SolutionConfigurationPlatforms) = preSolution
		Debug|Any CPU = Debug|Any CPU
		Release|Any CPU = Release|Any CPU
	EndGlobalSection
	GlobalSection(ProjectConfigurationPlatforms) = postSolution
		{F711A864-EBEB-4463-BF10-B6AB063C56A8}.Debug|Any CPU.ActiveCfg = Debug|Any CPU
		{F711A864-EBEB-4463-BF10-B6AB063C56A8}.Debug|Any CPU.Build.0 = Debug|Any CPU
		{F711A864-EBEB-4463-BF10-B6AB063C56A8}.Release|Any CPU.ActiveCfg = Release|Any CPU
		{F711A864-EBEB-4463-BF10-B6AB063C56A8}.Release|Any CPU.Build.0 = Release|Any CPU
		{4F103428-E35B-4715-AA8D-95DB5C8D4C75}.Debug|Any CPU.ActiveCfg = Debug|Any CPU
		{4F103428-E35B-4715-AA8D-95DB5C8D4C75}.Debug|Any CPU.Build.0 = Debug|Any CPU
		{4F103428-E35B-4715-AA8D-95DB5C8D4C75}.Release|Any CPU.ActiveCfg = Release|Any CPU
		{4F103428-E35B-4715-AA8D-95DB5C8D4C75}.Release|Any CPU.Build.0 = Release|Any CPU
		{46D35974-00C1-44F7-A200-BEAE53AD6610}.Debug|Any CPU.ActiveCfg = Debug|Any CPU
		{46D35974-00C1-44F7-A200-BEAE53AD6610}.Debug|Any CPU.Build.0 = Debug|Any CPU
		{46D35974-00C1-44F7-A200-BEAE53AD6610}.Release|Any CPU.ActiveCfg = Release|Any CPU
		{46D35974-00C1-44F7-A200-BEAE53AD6610}.Release|Any CPU.Build.0 = Release|Any CPU
	EndGlobalSection
	GlobalSection(SolutionProperties) = preSolution
		HideSolutionNode = FALSE
	EndGlobalSection
	GlobalSection(ExtensibilityGlobals) = postSolution
		SolutionGuid = {6A0BDADE-0C14-4E12-A581-5CF556EADC6E}
	EndGlobalSection
EndGlobal
